// !$*UTF8*$!
{
	archiveVersion = 1;
	classes = {
	};
	objectVersion = 46;
	objects = {

/* Begin PBXBuildFile section */
		1B4C7A331DB1AC2000F2A924 /* AppDelegate.swift in Sources */ = {isa = PBXBuildFile; fileRef = 1B4C7A321DB1AC2000F2A924 /* AppDelegate.swift */; };
		1B4C7A351DB1AC2000F2A924 /* ViewController.swift in Sources */ = {isa = PBXBuildFile; fileRef = 1B4C7A341DB1AC2000F2A924 /* ViewController.swift */; };
		1B4C7A381DB1AC2000F2A924 /* Main.storyboard in Resources */ = {isa = PBXBuildFile; fileRef = 1B4C7A361DB1AC2000F2A924 /* Main.storyboard */; };
		1B4C7A3A1DB1AC2000F2A924 /* Assets.xcassets in Resources */ = {isa = PBXBuildFile; fileRef = 1B4C7A391DB1AC2000F2A924 /* Assets.xcassets */; };
		1B4C7A3D1DB1AC2000F2A924 /* LaunchScreen.storyboard in Resources */ = {isa = PBXBuildFile; fileRef = 1B4C7A3B1DB1AC2000F2A924 /* LaunchScreen.storyboard */; };
/* End PBXBuildFile section */

/* Begin PBXFileReference section */
		1B4C7A2F1DB1AC2000F2A924 /* Calculadora.app */ = {isa = PBXFileReference; explicitFileType = wrapper.application; includeInIndex = 0; path = Calculadora.app; sourceTree = BUILT_PRODUCTS_DIR; };
		1B4C7A321DB1AC2000F2A924 /* AppDelegate.swift */ = {isa = PBXFileReference; lastKnownFileType = sourcecode.swift; path = AppDelegate.swift; sourceTree = "<group>"; };
		1B4C7A341DB1AC2000F2A924 /* ViewController.swift */ = {isa = PBXFileReference; lastKnownFileType = sourcecode.swift; path = ViewController.swift; sourceTree = "<group>"; };
		1B4C7A371DB1AC2000F2A924 /* Base */ = {isa = PBXFileReference; lastKnownFileType = file.storyboard; name = Base; path = Base.lproj/Main.storyboard; sourceTree = "<group>"; };
		1B4C7A391DB1AC2000F2A924 /* Assets.xcassets */ = {isa = PBXFileReference; lastKnownFileType = folder.assetcatalog; path = Assets.xcassets; sourceTree = "<group>"; };
		1B4C7A3C1DB1AC2000F2A924 /* Base */ = {isa = PBXFileReference; lastKnownFileType = file.storyboard; name = Base; path = Base.lproj/LaunchScreen.storyboard; sourceTree = "<group>"; };
		1B4C7A3E1DB1AC2000F2A924 /* Info.plist */ = {isa = PBXFileReference; lastKnownFileType = text.plist.xml; path = Info.plist; sourceTree = "<group>"; };
/* End PBXFileReference section */

/* Begin PBXFrameworksBuildPhase section */
		1B4C7A2C1DB1AC1F00F2A924 /* Frameworks */ = {
			isa = PBXFrameworksBuildPhase;
			buildActionMask = 2147483647;
			files = (
			);
			runOnlyForDeploymentPostprocessing = 0;
		};
/* End PBXFrameworksBuildPhase section */

/* Begin PBXGroup section */
		1B4C7A261DB1AC1F00F2A924 = {
			isa = PBXGroup;
			children = (
				1B4C7A311DB1AC2000F2A924 /* Calculadora */,
				1B4C7A301DB1AC2000F2A924 /* Products */,
			);
			sourceTree = "<group>";
		};
		1B4C7A301DB1AC2000F2A924 /* Products */ = {
			isa = PBXGroup;
			children = (
				1B4C7A2F1DB1AC2000F2A924 /* Calculadora.app */,
			);
			name = Products;
			sourceTree = "<group>";
		};
		1B4C7A311DB1AC2000F2A924 /* Calculadora */ = {
			isa = PBXGroup;
			children = (
				1B4C7A321DB1AC2000F2A924 /* AppDelegate.swift */,
				1B4C7A341DB1AC2000F2A924 /* ViewController.swift */,
				1B4C7A361DB1AC2000F2A924 /* Main.storyboard */,
				1B4C7A391DB1AC2000F2A924 /* Assets.xcassets */,
				1B4C7A3B1DB1AC2000F2A924 /* LaunchScreen.storyboard */,
				1B4C7A3E1DB1AC2000F2A924 /* Info.plist */,
			);
			path = Calculadora;
			sourceTree = "<group>";
		};
/* End PBXGroup section */

/* Begin PBXNativeTarget section */
		1B4C7A2E1DB1AC1F00F2A924 /* Calculadora */ = {
			isa = PBXNativeTarget;
			buildConfigurationList = 1B4C7A411DB1AC2000F2A924 /* Build configuration list for PBXNativeTarget "Calculadora" */;
			buildPhases = (
				1B4C7A2B1DB1AC1F00F2A924 /* Sources */,
				1B4C7A2C1DB1AC1F00F2A924 /* Frameworks */,
				1B4C7A2D1DB1AC1F00F2A924 /* Resources */,
			);
			buildRules = (
			);
			dependencies = (
			);
			name = Calculadora;
			productName = Calculadora;
			productReference = 1B4C7A2F1DB1AC2000F2A924 /* Calculadora.app */;
			productType = "com.apple.product-type.application";
		};
/* End PBXNativeTarget section */

/* Begin PBXProject section */
		1B4C7A271DB1AC1F00F2A924 /* Project object */ = {
			isa = PBXProject;
			attributes = {
				LastSwiftUpdateCheck = 0800;
				LastUpgradeCheck = 0800;
				ORGANIZATIONNAME = Aplimovil;
				TargetAttributes = {
					1B4C7A2E1DB1AC1F00F2A924 = {
						CreatedOnToolsVersion = 8.0;
						ProvisioningStyle = Automatic;
					};
				};
			};
			buildConfigurationList = 1B4C7A2A1DB1AC1F00F2A924 /* Build configuration list for PBXProject "Calculadora" */;
			compatibilityVersion = "Xcode 3.2";
			developmentRegion = English;
			hasScannedForEncodings = 0;
			knownRegions = (
				en,
				Base,
			);
			mainGroup = 1B4C7A261DB1AC1F00F2A924;
			productRefGroup = 1B4C7A301DB1AC2000F2A924 /* Products */;
			projectDirPath = "";
			projectRoot = "";
			targets = (
				1B4C7A2E1DB1AC1F00F2A924 /* Calculadora */,
			);
		};
/* End PBXProject section */

/* Begin PBXResourcesBuildPhase section */
		1B4C7A2D1DB1AC1F00F2A924 /* Resources */ = {
			isa = PBXResourcesBuildPhase;
			buildActionMask = 2147483647;
			files = (
				1B4C7A3D1DB1AC2000F2A924 /* LaunchScreen.storyboard in Resources */,
				1B4C7A3A1DB1AC2000F2A924 /* Assets.xcassets in Resources */,
				1B4C7A381DB1AC2000F2A924 /* Main.storyboard in Resources */,
			);
			runOnlyForDeploymentPostprocessing = 0;
		};
/* End PBXResourcesBuildPhase section */

/* Begin PBXSourcesBuildPhase section */
		1B4C7A2B1DB1AC1F00F2A924 /* Sources */ = {
			isa = PBXSourcesBuildPhase;
			buildActionMask = 2147483647;
			files = (
				1B4C7A351DB1AC2000F2A924 /* ViewController.swift in Sources */,
				1B4C7A331DB1AC2000F2A924 /* AppDelegate.swift in Sources */,
			);
			runOnlyForDeploymentPostprocessing = 0;
		};
/* End PBXSourcesBuildPhase section */

/* Begin PBXVariantGroup section */
		1B4C7A361DB1AC2000F2A924 /* Main.storyboard */ = {
			isa = PBXVariantGroup;
			children = (
				1B4C7A371DB1AC2000F2A924 /* Base */,
			);
			name = Main.storyboard;
			sourceTree = "<group>";
		};
		1B4C7A3B1DB1AC2000F2A924 /* LaunchScreen.storyboard */ = {
			isa = PBXVariantGroup;
			children = (
				1B4C7A3C1DB1AC2000F2A924 /* Base */,
			);
			name = LaunchScreen.storyboard;
			sourceTree = "<group>";
		};
/* End PBXVariantGroup section */

/* Begin XCBuildConfiguration section */
		1B4C7A3F1DB1AC2000F2A924 /* Debug */ = {
			isa = XCBuildConfiguration;
			buildSettings = {
				ALWAYS_SEARCH_USER_PATHS = NO;
				CLANG_ANALYZER_NONNULL = YES;
				CLANG_CXX_LANGUAGE_STANDARD = "gnu++0x";
				CLANG_CXX_LIBRARY = "libc++";
				CLANG_ENABLE_MODULES = YES;
				CLANG_ENABLE_OBJC_ARC = YES;
				CLANG_WARN_BOOL_CONVERSION = YES;
				CLANG_WARN_CONSTANT_CONVERSION = YES;
				CLANG_WARN_DIRECT_OBJC_ISA_USAGE = YES_ERROR;
				CLANG_WARN_DOCUMENTATION_COMMENTS = YES;
				CLANG_WARN_EMPTY_BODY = YES;
				CLANG_WARN_ENUM_CONVERSION = YES;
				CLANG_WARN_INFINITE_RECURSION = YES;
				CLANG_WARN_INT_CONVERSION = YES;
				CLANG_WARN_OBJC_ROOT_CLASS = YES_ERROR;
				CLANG_WARN_SUSPICIOUS_MOVES = YES;
				CLANG_WARN_UNREACHABLE_CODE = YES;
				CLANG_WARN__DUPLICATE_METHOD_MATCH = YES;
				"CODE_SIGN_IDENTITY[sdk=iphoneos*]" = "iPhone Developer";
				COPY_PHASE_STRIP = NO;
				DEBUG_INFORMATION_FORMAT = dwarf;
				ENABLE_STRICT_OBJC_MSGSEND = YES;
				ENABLE_TESTABILITY = YES;
				GCC_C_LANGUAGE_STANDARD = gnu99;
				GCC_DYNAMIC_NO_PIC = NO;
				GCC_NO_COMMON_BLOCKS = YES;
				GCC_OPTIMIZATION_LEVEL = 0;
				GCC_PREPROCESSOR_DEFINITIONS = (
					"DEBUG=1",
					"$(inherited)",
				);
				GCC_WARN_64_TO_32_BIT_CONVERSION = YES;
				GCC_WARN_ABOUT_RETURN_TYPE = YES_ERROR;
				GCC_WARN_UNDECLARED_SELECTOR = YES;
				GCC_WARN_UNINITIALIZED_AUTOS = YES_AGGRESSIVE;
				GCC_WARN_UNUSED_FUNCTION = YES;
				GCC_WARN_UNUSED_VARIABLE = YES;
				IPHONEOS_DEPLOYMENT_TARGET = 10.0;
				MTL_ENABLE_DEBUG_INFO = YES;
				ONLY_ACTIVE_ARCH = YES;
				SDKROOT = iphoneos;
				SWIFT_ACTIVE_COMPILATION_CONDITIONS = DEBUG;
				SWIFT_OPTIMIZATION_LEVEL = "-Onone";
				TARGETED_DEVICE_FAMILY = "1,2";
			};
			name = Debug;
		};
		1B4C7A401DB1AC2000F2A924 /* Release */ = {
			isa = XCBuildConfiguration;
			buildSettings = {
				ALWAYS_SEARCH_USER_PATHS = NO;
				CLANG_ANALYZER_NONNULL = YES;
				CLANG_CXX_LANGUAGE_STANDARD = "gnu++0x";
				CLANG_CXX_LIBRARY = "libc++";
				CLANG_ENABLE_MODULES = YES;
				CLANG_ENABLE_OBJC_ARC = YES;
				CLANG_WARN_BOOL_CONVERSION = YES;
				CLANG_WARN_CONSTANT_CONVERSION = YES;
				CLANG_WARN_DIRECT_OBJC_ISA_USAGE = YES_ERROR;
				CLANG_WARN_DOCUMENTATION_COMMENTS = YES;
				CLANG_WARN_EMPTY_BODY = YES;
				CLANG_WARN_ENUM_CONVERSION = YES;
				CLANG_WARN_INFINITE_RECURSION = YES;
				CLANG_WARN_INT_CONVERSION = YES;
				CLANG_WARN_OBJC_ROOT_CLASS = YES_ERROR;
				CLANG_WARN_SUSPICIOUS_MOVES = YES;
				CLANG_WARN_UNREACHABLE_CODE = YES;
				CLANG_WARN__DUPLICATE_METHOD_MATCH = YES;
				"CODE_SIGN_IDENTITY[sdk=iphoneos*]" = "iPhone Developer";
				COPY_PHASE_STRIP = NO;
				DEBUG_INFORMATION_FORMAT = "dwarf-with-dsym";
				ENABLE_NS_ASSERTIONS = NO;
				ENABLE_STRICT_OBJC_MSGSEND = YES;
				GCC_C_LANGUAGE_STANDARD = gnu99;
				GCC_NO_COMMON_BLOCKS = YES;
				GCC_WARN_64_TO_32_BIT_CONVERSION = YES;
				GCC_WARN_ABOUT_RETURN_TYPE = YES_ERROR;
				GCC_WARN_UNDECLARED_SELECTOR = YES;
				GCC_WARN_UNINITIALIZED_AUTOS = YES_AGGRESSIVE;
				GCC_WARN_UNUSED_FUNCTION = YES;
				GCC_WARN_UNUSED_VARIABLE = YES;
				IPHONEOS_DEPLOYMENT_TARGET = 10.0;
				MTL_ENABLE_DEBUG_INFO = NO;
				SDKROOT = iphoneos;
				SWIFT_OPTIMIZATION_LEVEL = "-Owholemodule";
				TARGETED_DEVICE_FAMILY = "1,2";
				VALIDATE_PRODUCT = YES;
			};
			name = Release;
		};
		1B4C7A421DB1AC2000F2A924 /* Debug */ = {
			isa = XCBuildConfiguration;
			buildSettings = {
				ASSETCATALOG_COMPILER_APPICON_NAME = AppIcon;
				INFOPLIST_FILE = Calculadora/Info.plist;
				LD_RUNPATH_SEARCH_PATHS = "$(inherited) @executable_path/Frameworks";
				PRODUCT_BUNDLE_IDENTIFIER = unicauca.Calculadora;
				PRODUCT_NAME = "$(TARGET_NAME)";
				SWIFT_VERSION = 3.0;
			};
			name = Debug;
		};
		1B4C7A431DB1AC2000F2A924 /* Release */ = {
			isa = XCBuildConfiguration;
			buildSettings = {
				ASSETCATALOG_COMPILER_APPICON_NAME = AppIcon;
				INFOPLIST_FILE = Calculadora/Info.plist;
				LD_RUNPATH_SEARCH_PATHS = "$(inherited) @executable_path/Frameworks";
				PRODUCT_BUNDLE_IDENTIFIER = unicauca.Calculadora;
				PRODUCT_NAME = "$(TARGET_NAME)";
				SWIFT_VERSION = 3.0;
			};
			name = Release;
		};
/* End XCBuildConfiguration section */

/* Begin XCConfigurationList section */
		1B4C7A2A1DB1AC1F00F2A924 /* Build configuration list for PBXProject "Calculadora" */ = {
			isa = XCConfigurationList;
			buildConfigurations = (
				1B4C7A3F1DB1AC2000F2A924 /* Debug */,
				1B4C7A401DB1AC2000F2A924 /* Release */,
			);
			defaultConfigurationIsVisible = 0;
			defaultConfigurationName = Release;
		};
		1B4C7A411DB1AC2000F2A924 /* Build configuration list for PBXNativeTarget "Calculadora" */ = {
			isa = XCConfigurationList;
			buildConfigurations = (
				1B4C7A421DB1AC2000F2A924 /* Debug */,
				1B4C7A431DB1AC2000F2A924 /* Release */,
			);
			defaultConfigurationIsVisible = 0;
		};
/* End XCConfigurationList section */
	};
	rootObject = 1B4C7A271DB1AC1F00F2A924 /* Project object */;
}
